
Microsoft Visual Studio Solution File, Format Version 12.00
# Visual Studio Version 17
VisualStudioVersion = 17.11.35327.3
MinimumVisualStudioVersion = 10.0.40219.1
Project("{9A19103F-16F7-4668-BE54-9A1E7A4F7556}") = "BusMonitor", "BusMonitor\BusMonitor.csproj", "{073C32CB-6939-4735-9F49-6C9265733338}"
EndProject
Project("{FAE04EC0-301F-11D3-BF4B-00C04F79EFBC}") = "BusMonitorTest", "BusMonitorTest\BusMonitorTest.csproj", "{374255D7-278D-45F1-8651-3A31FB2B9984}"
EndProject
Global
	GlobalSection(SolutionConfigurationPlatforms) = preSolution
		Debug|Any CPU = Debug|Any CPU
		Release|Any CPU = Release|Any CPU
	EndGlobalSection
	GlobalSection(ProjectConfigurationPlatforms) = postSolution
		{073C32CB-6939-4735-9F49-6C9265733338}.Debug|Any CPU.ActiveCfg = Debug|Any CPU
		{073C32CB-6939-4735-9F49-6C9265733338}.Debug|Any CPU.Build.0 = Debug|Any CPU
		{073C32CB-6939-4735-9F49-6C9265733338}.Release|Any CPU.ActiveCfg = Release|Any CPU
		{073C32CB-6939-4735-9F49-6C9265733338}.Release|Any CPU.Build.0 = Release|Any CPU
		{374255D7-278D-45F1-8651-3A31FB2B9984}.Debug|Any CPU.ActiveCfg = Debug|Any CPU
		{374255D7-278D-45F1-8651-3A31FB2B9984}.Debug|Any CPU.Build.0 = Debug|Any CPU
		{374255D7-278D-45F1-8651-3A31FB2B9984}.Release|Any CPU.ActiveCfg = Release|Any CPU
		{374255D7-278D-45F1-8651-3A31FB2B9984}.Release|Any CPU.Build.0 = Release|Any CPU
	EndGlobalSection
	GlobalSection(SolutionProperties) = preSolution
		HideSolutionNode = FALSE
	EndGlobalSection
	GlobalSection(ExtensibilityGlobals) = postSolution
		SolutionGuid = {60EECD46-84E9-42AB-AE19-A353D53D2B1C}
	EndGlobalSection
EndGlobal
